
Microsoft Visual Studio Solution File, Format Version 12.00
# Visual Studio 15
VisualStudioVersion = 15.0.28307.271
MinimumVisualStudioVersion = 10.0.40219.1
Project("{FAE04EC0-301F-11D3-BF4B-00C04F79EFBC}") = "ERPMVC", "ERPMVC\ERPMVC.csproj", "{130C948B-D8D4-446D-B0C3-78E5C726F60D}"
EndProject
Global
	GlobalSection(SolutionConfigurationPlatforms) = preSolution
		Debug|Any CPU = Debug|Any CPU
		Release|Any CPU = Release|Any CPU
	EndGlobalSection
	GlobalSection(ProjectConfigurationPlatforms) = postSolution
		{130C948B-D8D4-446D-B0C3-78E5C726F60D}.Debug|Any CPU.ActiveCfg = Debug|Any CPU
		{130C948B-D8D4-446D-B0C3-78E5C726F60D}.Debug|Any CPU.Build.0 = Debug|Any CPU
		{130C948B-D8D4-446D-B0C3-78E5C726F60D}.Release|Any CPU.ActiveCfg = Release|Any CPU
		{130C948B-D8D4-446D-B0C3-78E5C726F60D}.Release|Any CPU.Build.0 = Release|Any CPU
	EndGlobalSection
	GlobalSection(SolutionProperties) = preSolution
		HideSolutionNode = FALSE
	EndGlobalSection
	GlobalSection(ExtensibilityGlobals) = postSolution
		SolutionGuid = {B8971D40-7F2F-498B-918C-C86A6D7483AD}
	EndGlobalSection
EndGlobal
