
Microsoft Visual Studio Solution File, Format Version 12.00
# Visual Studio Version 16
VisualStudioVersion = 16.0.29728.190
MinimumVisualStudioVersion = 10.0.40219.1
Project("{9A19103F-16F7-4668-BE54-9A1E7A4F7556}") = "ERPMVC", "ERPMVC\ERPMVC.csproj", "{7F8E5DED-7B71-4B20-BD46-3FBF2A1631DA}"
EndProject
Project("{9A19103F-16F7-4668-BE54-9A1E7A4F7556}") = "IntegracionBalanza", "IntegracionBalanza\IntegracionBalanza.csproj", "{A55C0F78-6D38-4464-A91C-A4957C3C1CD2}"
EndProject
Project("{FAE04EC0-301F-11D3-BF4B-00C04F79EFBC}") = "IntegregracionBalanzaApiLocal", "IntegregracionBalanzaApiLocal\IntegregracionBalanzaApiLocal.csproj", "{5E92D861-FAC2-4D2B-9893-ADB567F2BA60}"
EndProject
Project("{9A19103F-16F7-4668-BE54-9A1E7A4F7556}") = "MailTemplate", "MailTemplate\MailTemplate.csproj", "{68D907F8-C5A2-4570-98F7-79C608BAE2B3}"
EndProject
Project("{9A19103F-16F7-4668-BE54-9A1E7A4F7556}") = "ReportSettings", "ConfigurationReports\ReportSettings.csproj", "{F8B97A91-7708-48B7-8BB6-B8CF9C582A70}"
EndProject
Global
	GlobalSection(SolutionConfigurationPlatforms) = preSolution
		Debug|Any CPU = Debug|Any CPU
		Debug|x86 = Debug|x86
		Release|Any CPU = Release|Any CPU
		Release|x86 = Release|x86
	EndGlobalSection
	GlobalSection(ProjectConfigurationPlatforms) = postSolution
		{7F8E5DED-7B71-4B20-BD46-3FBF2A1631DA}.Debug|Any CPU.ActiveCfg = Debug|Any CPU
		{7F8E5DED-7B71-4B20-BD46-3FBF2A1631DA}.Debug|Any CPU.Build.0 = Debug|Any CPU
		{7F8E5DED-7B71-4B20-BD46-3FBF2A1631DA}.Debug|x86.ActiveCfg = Debug|Any CPU
		{7F8E5DED-7B71-4B20-BD46-3FBF2A1631DA}.Debug|x86.Build.0 = Debug|Any CPU
		{7F8E5DED-7B71-4B20-BD46-3FBF2A1631DA}.Release|Any CPU.ActiveCfg = Release|Any CPU
		{7F8E5DED-7B71-4B20-BD46-3FBF2A1631DA}.Release|Any CPU.Build.0 = Release|Any CPU
		{7F8E5DED-7B71-4B20-BD46-3FBF2A1631DA}.Release|x86.ActiveCfg = Release|Any CPU
		{7F8E5DED-7B71-4B20-BD46-3FBF2A1631DA}.Release|x86.Build.0 = Release|Any CPU
		{A55C0F78-6D38-4464-A91C-A4957C3C1CD2}.Debug|Any CPU.ActiveCfg = Debug|Any CPU
		{A55C0F78-6D38-4464-A91C-A4957C3C1CD2}.Debug|Any CPU.Build.0 = Debug|Any CPU
		{A55C0F78-6D38-4464-A91C-A4957C3C1CD2}.Debug|x86.ActiveCfg = Debug|x86
		{A55C0F78-6D38-4464-A91C-A4957C3C1CD2}.Debug|x86.Build.0 = Debug|x86
		{A55C0F78-6D38-4464-A91C-A4957C3C1CD2}.Release|Any CPU.ActiveCfg = Release|Any CPU
		{A55C0F78-6D38-4464-A91C-A4957C3C1CD2}.Release|Any CPU.Build.0 = Release|Any CPU
		{A55C0F78-6D38-4464-A91C-A4957C3C1CD2}.Release|x86.ActiveCfg = Release|x86
		{A55C0F78-6D38-4464-A91C-A4957C3C1CD2}.Release|x86.Build.0 = Release|x86
		{5E92D861-FAC2-4D2B-9893-ADB567F2BA60}.Debug|Any CPU.ActiveCfg = Debug|Any CPU
		{5E92D861-FAC2-4D2B-9893-ADB567F2BA60}.Debug|Any CPU.Build.0 = Debug|Any CPU
		{5E92D861-FAC2-4D2B-9893-ADB567F2BA60}.Debug|x86.ActiveCfg = Debug|Any CPU
		{5E92D861-FAC2-4D2B-9893-ADB567F2BA60}.Debug|x86.Build.0 = Debug|Any CPU
		{5E92D861-FAC2-4D2B-9893-ADB567F2BA60}.Release|Any CPU.ActiveCfg = Release|Any CPU
		{5E92D861-FAC2-4D2B-9893-ADB567F2BA60}.Release|Any CPU.Build.0 = Release|Any CPU
		{5E92D861-FAC2-4D2B-9893-ADB567F2BA60}.Release|x86.ActiveCfg = Release|Any CPU
		{5E92D861-FAC2-4D2B-9893-ADB567F2BA60}.Release|x86.Build.0 = Release|Any CPU
		{68D907F8-C5A2-4570-98F7-79C608BAE2B3}.Debug|Any CPU.ActiveCfg = Debug|Any CPU
		{68D907F8-C5A2-4570-98F7-79C608BAE2B3}.Debug|Any CPU.Build.0 = Debug|Any CPU
		{68D907F8-C5A2-4570-98F7-79C608BAE2B3}.Debug|x86.ActiveCfg = Debug|Any CPU
		{68D907F8-C5A2-4570-98F7-79C608BAE2B3}.Debug|x86.Build.0 = Debug|Any CPU
		{68D907F8-C5A2-4570-98F7-79C608BAE2B3}.Release|Any CPU.ActiveCfg = Release|Any CPU
		{68D907F8-C5A2-4570-98F7-79C608BAE2B3}.Release|Any CPU.Build.0 = Release|Any CPU
		{68D907F8-C5A2-4570-98F7-79C608BAE2B3}.Release|x86.ActiveCfg = Release|Any CPU
		{68D907F8-C5A2-4570-98F7-79C608BAE2B3}.Release|x86.Build.0 = Release|Any CPU
		{F8B97A91-7708-48B7-8BB6-B8CF9C582A70}.Debug|Any CPU.ActiveCfg = Debug|Any CPU
		{F8B97A91-7708-48B7-8BB6-B8CF9C582A70}.Debug|Any CPU.Build.0 = Debug|Any CPU
		{F8B97A91-7708-48B7-8BB6-B8CF9C582A70}.Debug|x86.ActiveCfg = Debug|Any CPU
		{F8B97A91-7708-48B7-8BB6-B8CF9C582A70}.Debug|x86.Build.0 = Debug|Any CPU
		{F8B97A91-7708-48B7-8BB6-B8CF9C582A70}.Release|Any CPU.ActiveCfg = Release|Any CPU
		{F8B97A91-7708-48B7-8BB6-B8CF9C582A70}.Release|Any CPU.Build.0 = Release|Any CPU
		{F8B97A91-7708-48B7-8BB6-B8CF9C582A70}.Release|x86.ActiveCfg = Release|Any CPU
		{F8B97A91-7708-48B7-8BB6-B8CF9C582A70}.Release|x86.Build.0 = Release|Any CPU
	EndGlobalSection
	GlobalSection(SolutionProperties) = preSolution
		HideSolutionNode = FALSE
	EndGlobalSection
	GlobalSection(ExtensibilityGlobals) = postSolution
		SolutionGuid = {B8971D40-7F2F-498B-918C-C86A6D7483AD}
	EndGlobalSection
EndGlobal
